
Microsoft Visual Studio Solution File, Format Version 12.00
# Visual Studio Version 17
VisualStudioVersion = 17.0.31903.59
MinimumVisualStudioVersion = 10.0.40219.1
Project("{FAE04EC0-301F-11D3-BF4B-00C04F79EFBC}") = "BusinessLogic.Services", "BusinessLogic.Services\BusinessLogic.Services.csproj", "{1F709E3C-A0E8-4518-9DFF-B41F96701C92}"
EndProject
Project("{FAE04EC0-301F-11D3-BF4B-00C04F79EFBC}") = "Data.ViewModels", "Data.ViewModels\Data.ViewModels.csproj", "{E56707F5-9A30-40CD-BF03-F93C986B7B3F}"
EndProject
Project("{FAE04EC0-301F-11D3-BF4B-00C04F79EFBC}") = "Entities.Models", "Entities.Models\Entities.Models.csproj", "{295B341B-EA56-47E2-8757-44E3B4C8ECA8}"
EndProject
Project("{FAE04EC0-301F-11D3-BF4B-00C04F79EFBC}") = "Helpers.Consumer", "Helpers.Consumer\Helpers.Consumer.csproj", "{2A08D345-A174-4958-91D7-8FC2018A80F6}"
EndProject
Project("{FAE04EC0-301F-11D3-BF4B-00C04F79EFBC}") = "Repositories", "Repositories\Repositories.csproj", "{3B7AE14D-CF25-4BD4-BF0E-D528DCCD1BAB}"
EndProject
Project("{2150E333-8FDC-42A3-9474-1A3956D46DE8}") = "Services.API", "Services.API", "{F3699C47-A428-4BE2-B353-69DA94A7E711}"
EndProject
Project("{FAE04EC0-301F-11D3-BF4B-00C04F79EFBC}") = "AlarmRecordTracking", "Services.API\AlarmRecordTracking\AlarmRecordTracking.csproj", "{8D44518A-24C9-45E1-9AB8-5F1E3F2BC0E9}"
EndProject
Project("{FAE04EC0-301F-11D3-BF4B-00C04F79EFBC}") = "AlarmTriggers", "Services.API\AlarmTriggers\AlarmTriggers.csproj", "{A8498DC7-1B1E-4C6D-926B-1DC6245FE35C}"
EndProject
Project("{FAE04EC0-301F-11D3-BF4B-00C04F79EFBC}") = "Analytics", "Services.API\Analytics\Analytics.csproj", "{6D7462BC-1483-4F7F-98CC-58C38B9E20FB}"
EndProject
Project("{FAE04EC0-301F-11D3-BF4B-00C04F79EFBC}") = "Auth", "Services.API\Auth\Auth.csproj", "{0AB78470-57DC-42C8-A7D7-DCB799D7CE95}"
EndProject
Project("{FAE04EC0-301F-11D3-BF4B-00C04F79EFBC}") = "GatewayHealthApi", "Services.API\GatewayHealthApi\GatewayHealthApi.csproj", "{2A3EA22A-81E3-4BDB-8D91-D5021DE8072D}"
EndProject
Project("{FAE04EC0-301F-11D3-BF4B-00C04F79EFBC}") = "JobsScheduler", "Services.API\JobsScheduler\JobsScheduler.csproj", "{808CE8ED-DED9-4498-BA1A-A822C38F6412}"
EndProject
Project("{FAE04EC0-301F-11D3-BF4B-00C04F79EFBC}") = "LicenseChecker", "Services.API\LicenseChecker\LicenseChecker.csproj", "{DF2517CD-F583-4C1A-A8B4-276D3F711AC7}"
EndProject
Project("{FAE04EC0-301F-11D3-BF4B-00C04F79EFBC}") = "MstBleReader", "Services.API\MstBleReader\MstBleReader.csproj", "{E0AD7E21-4DA7-4518-B353-812F06494758}"
EndProject
Project("{FAE04EC0-301F-11D3-BF4B-00C04F79EFBC}") = "Card", "Services.API\Card\Card.csproj", "{B1E2EC2D-9624-4882-8E45-593EB33F3611}"
EndProject
Project("{FAE04EC0-301F-11D3-BF4B-00C04F79EFBC}") = "CardAccess", "Services.API\CardAccess\CardAccess.csproj", "{F661141F-C372-42E2-A1A5-8D2C005FEBDA}"
EndProject
Project("{FAE04EC0-301F-11D3-BF4B-00C04F79EFBC}") = "CardRecord", "Services.API\CardRecord\CardRecord.csproj", "{2B5CD9A5-58E6-4D98-9544-BF79B146944D}"
EndProject
Project("{FAE04EC0-301F-11D3-BF4B-00C04F79EFBC}") = "FloorplanDevice", "Services.API\FloorplanDevice\FloorplanDevice.csproj", "{174BA3C4-3EBD-4F61-9369-70D70D7CEEBC}"
EndProject
Project("{FAE04EC0-301F-11D3-BF4B-00C04F79EFBC}") = "FloorplanMaskedArea", "Services.API\FloorplanMaskedArea\FloorplanMaskedArea.csproj", "{B770CC9B-8EED-4835-818D-CE95689F4CE9}"
EndProject
Project("{FAE04EC0-301F-11D3-BF4B-00C04F79EFBC}") = "Geofence", "Services.API\Geofence\Geofence.csproj", "{7116CB65-3F8C-4ABE-A313-04CF1DBC39C3}"
EndProject
Project("{FAE04EC0-301F-11D3-BF4B-00C04F79EFBC}") = "MonitoringConfig", "Services.API\MonitoringConfig\MonitoringConfig.csproj", "{E833D5A0-DE6B-4D11-BD0F-A3AC21D8228C}"
EndProject
Project("{FAE04EC0-301F-11D3-BF4B-00C04F79EFBC}") = "MstAccessCctv", "Services.API\MstAccessCctv\MstAccessCctv.csproj", "{6D22BCCF-1949-47D4-8140-0C0C29147C46}"
EndProject
Project("{FAE04EC0-301F-11D3-BF4B-00C04F79EFBC}") = "MstAccessControl", "Services.API\MstAccessControl\MstAccessControl.csproj", "{D574FB41-CAAC-481C-9351-396990EA922E}"
EndProject
Project("{FAE04EC0-301F-11D3-BF4B-00C04F79EFBC}") = "MstApplication", "Services.API\MstApplication\MstApplication.csproj", "{2F861B68-217F-4305-8659-BB532F5CD9E4}"
EndProject
Project("{FAE04EC0-301F-11D3-BF4B-00C04F79EFBC}") = "MstBrand", "Services.API\MstBrand\MstBrand.csproj", "{F2F61F32-319E-45A2-9349-DBF50BB927BF}"
EndProject
Project("{FAE04EC0-301F-11D3-BF4B-00C04F79EFBC}") = "MstBuilding", "Services.API\MstBuilding\MstBuilding.csproj", "{96B3A8EA-0AE4-468F-A928-898018BDF01B}"
EndProject
Project("{FAE04EC0-301F-11D3-BF4B-00C04F79EFBC}") = "MstDepartment", "Services.API\MstDepartment\MstDepartment.csproj", "{0AA7B037-74DB-4252-9646-DA0E1A5649C1}"
EndProject
Project("{FAE04EC0-301F-11D3-BF4B-00C04F79EFBC}") = "MstDistrict", "Services.API\MstDistrict\MstDistrict.csproj", "{4DC18EBC-ED4B-4528-978F-40F60167DB00}"
EndProject
Project("{FAE04EC0-301F-11D3-BF4B-00C04F79EFBC}") = "MstEngine", "Services.API\MstEngine\MstEngine.csproj", "{9D70452B-B90E-4895-998C-CACFE049F5B0}"
EndProject
Project("{FAE04EC0-301F-11D3-BF4B-00C04F79EFBC}") = "MstFloor", "Services.API\MstFloor\MstFloor.csproj", "{CD469C37-FA5D-4277-8F5A-E7EFC893EB87}"
EndProject
Project("{FAE04EC0-301F-11D3-BF4B-00C04F79EFBC}") = "MstFloorplan", "Services.API\MstFloorplan\MstFloorplan.csproj", "{2C74C43F-D890-4048-A26A-1FA9CDBAA545}"
EndProject
Project("{FAE04EC0-301F-11D3-BF4B-00C04F79EFBC}") = "MstIntegration", "Services.API\MstIntegration\MstIntegration.csproj", "{A87175D9-2365-468A-A95C-5C1D7BB1A506}"
EndProject
Project("{FAE04EC0-301F-11D3-BF4B-00C04F79EFBC}") = "MstMember", "Services.API\MstMember\MstMember.csproj", "{196DEA90-AB02-4C32-A7E4-08030A669F45}"
EndProject
Project("{FAE04EC0-301F-11D3-BF4B-00C04F79EFBC}") = "MstOrganization", "Services.API\MstOrganization\MstOrganization.csproj", "{F8FC9C72-C3AE-4A39-BD0D-5338F24AF7E9}"
EndProject
Project("{FAE04EC0-301F-11D3-BF4B-00C04F79EFBC}") = "TrackingTransaction", "Services.API\TrackingTransaction\TrackingTransaction.csproj", "{327DD8B7-848D-44B7-BF3E-0A3521775942}"
EndProject
Project("{FAE04EC0-301F-11D3-BF4B-00C04F79EFBC}") = "TrxVisitor", "Services.API\TrxVisitor\TrxVisitor.csproj", "{7BD55D76-AE52-4B46-86DA-D5D2060AE65D}"
EndProject
Project("{FAE04EC0-301F-11D3-BF4B-00C04F79EFBC}") = "Visitor", "Services.API\Visitor\Visitor.csproj", "{4ACCF466-9B44-4C98-B03A-40540046AC0C}"
EndProject
Project("{FAE04EC0-301F-11D3-BF4B-00C04F79EFBC}") = "Web.API.Controllers", "Web.API.Controllers\Web.API.Controllers.csproj", "{3ED588B9-4119-4836-92A9-1FC62A12F1C9}"
EndProject
Project("{FAE04EC0-301F-11D3-BF4B-00C04F79EFBC}") = "Patrol", "Services.API\Patrol\Patrol.csproj", "{EE261E84-34AF-4612-8B6C-DF524A6F519D}"
EndProject
Global
	GlobalSection(SolutionConfigurationPlatforms) = preSolution
		Debug|Any CPU = Debug|Any CPU
		Release|Any CPU = Release|Any CPU
	EndGlobalSection
	GlobalSection(SolutionProperties) = preSolution
		HideSolutionNode = FALSE
	EndGlobalSection
	GlobalSection(ProjectConfigurationPlatforms) = postSolution
		{1F709E3C-A0E8-4518-9DFF-B41F96701C92}.Debug|Any CPU.ActiveCfg = Debug|Any CPU
		{1F709E3C-A0E8-4518-9DFF-B41F96701C92}.Debug|Any CPU.Build.0 = Debug|Any CPU
		{1F709E3C-A0E8-4518-9DFF-B41F96701C92}.Release|Any CPU.ActiveCfg = Release|Any CPU
		{1F709E3C-A0E8-4518-9DFF-B41F96701C92}.Release|Any CPU.Build.0 = Release|Any CPU
		{E56707F5-9A30-40CD-BF03-F93C986B7B3F}.Debug|Any CPU.ActiveCfg = Debug|Any CPU
		{E56707F5-9A30-40CD-BF03-F93C986B7B3F}.Debug|Any CPU.Build.0 = Debug|Any CPU
		{E56707F5-9A30-40CD-BF03-F93C986B7B3F}.Release|Any CPU.ActiveCfg = Release|Any CPU
		{E56707F5-9A30-40CD-BF03-F93C986B7B3F}.Release|Any CPU.Build.0 = Release|Any CPU
		{295B341B-EA56-47E2-8757-44E3B4C8ECA8}.Debug|Any CPU.ActiveCfg = Debug|Any CPU
		{295B341B-EA56-47E2-8757-44E3B4C8ECA8}.Debug|Any CPU.Build.0 = Debug|Any CPU
		{295B341B-EA56-47E2-8757-44E3B4C8ECA8}.Release|Any CPU.ActiveCfg = Release|Any CPU
		{295B341B-EA56-47E2-8757-44E3B4C8ECA8}.Release|Any CPU.Build.0 = Release|Any CPU
		{2A08D345-A174-4958-91D7-8FC2018A80F6}.Debug|Any CPU.ActiveCfg = Debug|Any CPU
		{2A08D345-A174-4958-91D7-8FC2018A80F6}.Debug|Any CPU.Build.0 = Debug|Any CPU
		{2A08D345-A174-4958-91D7-8FC2018A80F6}.Release|Any CPU.ActiveCfg = Release|Any CPU
		{2A08D345-A174-4958-91D7-8FC2018A80F6}.Release|Any CPU.Build.0 = Release|Any CPU
		{3B7AE14D-CF25-4BD4-BF0E-D528DCCD1BAB}.Debug|Any CPU.ActiveCfg = Debug|Any CPU
		{3B7AE14D-CF25-4BD4-BF0E-D528DCCD1BAB}.Debug|Any CPU.Build.0 = Debug|Any CPU
		{3B7AE14D-CF25-4BD4-BF0E-D528DCCD1BAB}.Release|Any CPU.ActiveCfg = Release|Any CPU
		{3B7AE14D-CF25-4BD4-BF0E-D528DCCD1BAB}.Release|Any CPU.Build.0 = Release|Any CPU
		{8D44518A-24C9-45E1-9AB8-5F1E3F2BC0E9}.Debug|Any CPU.ActiveCfg = Debug|Any CPU
		{8D44518A-24C9-45E1-9AB8-5F1E3F2BC0E9}.Debug|Any CPU.Build.0 = Debug|Any CPU
		{8D44518A-24C9-45E1-9AB8-5F1E3F2BC0E9}.Release|Any CPU.ActiveCfg = Release|Any CPU
		{8D44518A-24C9-45E1-9AB8-5F1E3F2BC0E9}.Release|Any CPU.Build.0 = Release|Any CPU
		{A8498DC7-1B1E-4C6D-926B-1DC6245FE35C}.Debug|Any CPU.ActiveCfg = Debug|Any CPU
		{A8498DC7-1B1E-4C6D-926B-1DC6245FE35C}.Debug|Any CPU.Build.0 = Debug|Any CPU
		{A8498DC7-1B1E-4C6D-926B-1DC6245FE35C}.Release|Any CPU.ActiveCfg = Release|Any CPU
		{A8498DC7-1B1E-4C6D-926B-1DC6245FE35C}.Release|Any CPU.Build.0 = Release|Any CPU
		{6D7462BC-1483-4F7F-98CC-58C38B9E20FB}.Debug|Any CPU.ActiveCfg = Debug|Any CPU
		{6D7462BC-1483-4F7F-98CC-58C38B9E20FB}.Debug|Any CPU.Build.0 = Debug|Any CPU
		{6D7462BC-1483-4F7F-98CC-58C38B9E20FB}.Release|Any CPU.ActiveCfg = Release|Any CPU
		{6D7462BC-1483-4F7F-98CC-58C38B9E20FB}.Release|Any CPU.Build.0 = Release|Any CPU
		{0AB78470-57DC-42C8-A7D7-DCB799D7CE95}.Debug|Any CPU.ActiveCfg = Debug|Any CPU
		{0AB78470-57DC-42C8-A7D7-DCB799D7CE95}.Debug|Any CPU.Build.0 = Debug|Any CPU
		{0AB78470-57DC-42C8-A7D7-DCB799D7CE95}.Release|Any CPU.ActiveCfg = Release|Any CPU
		{0AB78470-57DC-42C8-A7D7-DCB799D7CE95}.Release|Any CPU.Build.0 = Release|Any CPU
		{2A3EA22A-81E3-4BDB-8D91-D5021DE8072D}.Debug|Any CPU.ActiveCfg = Debug|Any CPU
		{2A3EA22A-81E3-4BDB-8D91-D5021DE8072D}.Debug|Any CPU.Build.0 = Debug|Any CPU
		{2A3EA22A-81E3-4BDB-8D91-D5021DE8072D}.Release|Any CPU.ActiveCfg = Release|Any CPU
		{2A3EA22A-81E3-4BDB-8D91-D5021DE8072D}.Release|Any CPU.Build.0 = Release|Any CPU
		{808CE8ED-DED9-4498-BA1A-A822C38F6412}.Debug|Any CPU.ActiveCfg = Debug|Any CPU
		{808CE8ED-DED9-4498-BA1A-A822C38F6412}.Debug|Any CPU.Build.0 = Debug|Any CPU
		{808CE8ED-DED9-4498-BA1A-A822C38F6412}.Release|Any CPU.ActiveCfg = Release|Any CPU
		{808CE8ED-DED9-4498-BA1A-A822C38F6412}.Release|Any CPU.Build.0 = Release|Any CPU
		{DF2517CD-F583-4C1A-A8B4-276D3F711AC7}.Debug|Any CPU.ActiveCfg = Debug|Any CPU
		{DF2517CD-F583-4C1A-A8B4-276D3F711AC7}.Debug|Any CPU.Build.0 = Debug|Any CPU
		{DF2517CD-F583-4C1A-A8B4-276D3F711AC7}.Release|Any CPU.ActiveCfg = Release|Any CPU
		{DF2517CD-F583-4C1A-A8B4-276D3F711AC7}.Release|Any CPU.Build.0 = Release|Any CPU
		{E0AD7E21-4DA7-4518-B353-812F06494758}.Debug|Any CPU.ActiveCfg = Debug|Any CPU
		{E0AD7E21-4DA7-4518-B353-812F06494758}.Debug|Any CPU.Build.0 = Debug|Any CPU
		{E0AD7E21-4DA7-4518-B353-812F06494758}.Release|Any CPU.ActiveCfg = Release|Any CPU
		{E0AD7E21-4DA7-4518-B353-812F06494758}.Release|Any CPU.Build.0 = Release|Any CPU
		{3F36F499-E93B-484E-9711-C85C34B47C55}.Debug|Any CPU.ActiveCfg = Debug|Any CPU
		{3F36F499-E93B-484E-9711-C85C34B47C55}.Debug|Any CPU.Build.0 = Debug|Any CPU
		{3F36F499-E93B-484E-9711-C85C34B47C55}.Release|Any CPU.ActiveCfg = Release|Any CPU
		{3F36F499-E93B-484E-9711-C85C34B47C55}.Release|Any CPU.Build.0 = Release|Any CPU
		{1C54141A-CBD2-443B-B353-55DED316EB85}.Debug|Any CPU.ActiveCfg = Debug|Any CPU
		{1C54141A-CBD2-443B-B353-55DED316EB85}.Debug|Any CPU.Build.0 = Debug|Any CPU
		{1C54141A-CBD2-443B-B353-55DED316EB85}.Release|Any CPU.ActiveCfg = Release|Any CPU
		{1C54141A-CBD2-443B-B353-55DED316EB85}.Release|Any CPU.Build.0 = Release|Any CPU
		{B1E2EC2D-9624-4882-8E45-593EB33F3611}.Debug|Any CPU.ActiveCfg = Debug|Any CPU
		{B1E2EC2D-9624-4882-8E45-593EB33F3611}.Debug|Any CPU.Build.0 = Debug|Any CPU
		{B1E2EC2D-9624-4882-8E45-593EB33F3611}.Release|Any CPU.ActiveCfg = Release|Any CPU
		{B1E2EC2D-9624-4882-8E45-593EB33F3611}.Release|Any CPU.Build.0 = Release|Any CPU
		{F661141F-C372-42E2-A1A5-8D2C005FEBDA}.Debug|Any CPU.ActiveCfg = Debug|Any CPU
		{F661141F-C372-42E2-A1A5-8D2C005FEBDA}.Debug|Any CPU.Build.0 = Debug|Any CPU
		{F661141F-C372-42E2-A1A5-8D2C005FEBDA}.Release|Any CPU.ActiveCfg = Release|Any CPU
		{F661141F-C372-42E2-A1A5-8D2C005FEBDA}.Release|Any CPU.Build.0 = Release|Any CPU
		{2B5CD9A5-58E6-4D98-9544-BF79B146944D}.Debug|Any CPU.ActiveCfg = Debug|Any CPU
		{2B5CD9A5-58E6-4D98-9544-BF79B146944D}.Debug|Any CPU.Build.0 = Debug|Any CPU
		{2B5CD9A5-58E6-4D98-9544-BF79B146944D}.Release|Any CPU.ActiveCfg = Release|Any CPU
		{2B5CD9A5-58E6-4D98-9544-BF79B146944D}.Release|Any CPU.Build.0 = Release|Any CPU
		{174BA3C4-3EBD-4F61-9369-70D70D7CEEBC}.Debug|Any CPU.ActiveCfg = Debug|Any CPU
		{174BA3C4-3EBD-4F61-9369-70D70D7CEEBC}.Debug|Any CPU.Build.0 = Debug|Any CPU
		{174BA3C4-3EBD-4F61-9369-70D70D7CEEBC}.Release|Any CPU.ActiveCfg = Release|Any CPU
		{174BA3C4-3EBD-4F61-9369-70D70D7CEEBC}.Release|Any CPU.Build.0 = Release|Any CPU
		{B770CC9B-8EED-4835-818D-CE95689F4CE9}.Debug|Any CPU.ActiveCfg = Debug|Any CPU
		{B770CC9B-8EED-4835-818D-CE95689F4CE9}.Debug|Any CPU.Build.0 = Debug|Any CPU
		{B770CC9B-8EED-4835-818D-CE95689F4CE9}.Release|Any CPU.ActiveCfg = Release|Any CPU
		{B770CC9B-8EED-4835-818D-CE95689F4CE9}.Release|Any CPU.Build.0 = Release|Any CPU
		{7116CB65-3F8C-4ABE-A313-04CF1DBC39C3}.Debug|Any CPU.ActiveCfg = Debug|Any CPU
		{7116CB65-3F8C-4ABE-A313-04CF1DBC39C3}.Debug|Any CPU.Build.0 = Debug|Any CPU
		{7116CB65-3F8C-4ABE-A313-04CF1DBC39C3}.Release|Any CPU.ActiveCfg = Release|Any CPU
		{7116CB65-3F8C-4ABE-A313-04CF1DBC39C3}.Release|Any CPU.Build.0 = Release|Any CPU
		{E833D5A0-DE6B-4D11-BD0F-A3AC21D8228C}.Debug|Any CPU.ActiveCfg = Debug|Any CPU
		{E833D5A0-DE6B-4D11-BD0F-A3AC21D8228C}.Debug|Any CPU.Build.0 = Debug|Any CPU
		{E833D5A0-DE6B-4D11-BD0F-A3AC21D8228C}.Release|Any CPU.ActiveCfg = Release|Any CPU
		{E833D5A0-DE6B-4D11-BD0F-A3AC21D8228C}.Release|Any CPU.Build.0 = Release|Any CPU
		{6D22BCCF-1949-47D4-8140-0C0C29147C46}.Debug|Any CPU.ActiveCfg = Debug|Any CPU
		{6D22BCCF-1949-47D4-8140-0C0C29147C46}.Debug|Any CPU.Build.0 = Debug|Any CPU
		{6D22BCCF-1949-47D4-8140-0C0C29147C46}.Release|Any CPU.ActiveCfg = Release|Any CPU
		{6D22BCCF-1949-47D4-8140-0C0C29147C46}.Release|Any CPU.Build.0 = Release|Any CPU
		{D574FB41-CAAC-481C-9351-396990EA922E}.Debug|Any CPU.ActiveCfg = Debug|Any CPU
		{D574FB41-CAAC-481C-9351-396990EA922E}.Debug|Any CPU.Build.0 = Debug|Any CPU
		{D574FB41-CAAC-481C-9351-396990EA922E}.Release|Any CPU.ActiveCfg = Release|Any CPU
		{D574FB41-CAAC-481C-9351-396990EA922E}.Release|Any CPU.Build.0 = Release|Any CPU
		{2F861B68-217F-4305-8659-BB532F5CD9E4}.Debug|Any CPU.ActiveCfg = Debug|Any CPU
		{2F861B68-217F-4305-8659-BB532F5CD9E4}.Debug|Any CPU.Build.0 = Debug|Any CPU
		{2F861B68-217F-4305-8659-BB532F5CD9E4}.Release|Any CPU.ActiveCfg = Release|Any CPU
		{2F861B68-217F-4305-8659-BB532F5CD9E4}.Release|Any CPU.Build.0 = Release|Any CPU
		{F2F61F32-319E-45A2-9349-DBF50BB927BF}.Debug|Any CPU.ActiveCfg = Debug|Any CPU
		{F2F61F32-319E-45A2-9349-DBF50BB927BF}.Debug|Any CPU.Build.0 = Debug|Any CPU
		{F2F61F32-319E-45A2-9349-DBF50BB927BF}.Release|Any CPU.ActiveCfg = Release|Any CPU
		{F2F61F32-319E-45A2-9349-DBF50BB927BF}.Release|Any CPU.Build.0 = Release|Any CPU
		{96B3A8EA-0AE4-468F-A928-898018BDF01B}.Debug|Any CPU.ActiveCfg = Debug|Any CPU
		{96B3A8EA-0AE4-468F-A928-898018BDF01B}.Debug|Any CPU.Build.0 = Debug|Any CPU
		{96B3A8EA-0AE4-468F-A928-898018BDF01B}.Release|Any CPU.ActiveCfg = Release|Any CPU
		{96B3A8EA-0AE4-468F-A928-898018BDF01B}.Release|Any CPU.Build.0 = Release|Any CPU
		{0AA7B037-74DB-4252-9646-DA0E1A5649C1}.Debug|Any CPU.ActiveCfg = Debug|Any CPU
		{0AA7B037-74DB-4252-9646-DA0E1A5649C1}.Debug|Any CPU.Build.0 = Debug|Any CPU
		{0AA7B037-74DB-4252-9646-DA0E1A5649C1}.Release|Any CPU.ActiveCfg = Release|Any CPU
		{0AA7B037-74DB-4252-9646-DA0E1A5649C1}.Release|Any CPU.Build.0 = Release|Any CPU
		{4DC18EBC-ED4B-4528-978F-40F60167DB00}.Debug|Any CPU.ActiveCfg = Debug|Any CPU
		{4DC18EBC-ED4B-4528-978F-40F60167DB00}.Debug|Any CPU.Build.0 = Debug|Any CPU
		{4DC18EBC-ED4B-4528-978F-40F60167DB00}.Release|Any CPU.ActiveCfg = Release|Any CPU
		{4DC18EBC-ED4B-4528-978F-40F60167DB00}.Release|Any CPU.Build.0 = Release|Any CPU
		{9D70452B-B90E-4895-998C-CACFE049F5B0}.Debug|Any CPU.ActiveCfg = Debug|Any CPU
		{9D70452B-B90E-4895-998C-CACFE049F5B0}.Debug|Any CPU.Build.0 = Debug|Any CPU
		{9D70452B-B90E-4895-998C-CACFE049F5B0}.Release|Any CPU.ActiveCfg = Release|Any CPU
		{9D70452B-B90E-4895-998C-CACFE049F5B0}.Release|Any CPU.Build.0 = Release|Any CPU
		{CD469C37-FA5D-4277-8F5A-E7EFC893EB87}.Debug|Any CPU.ActiveCfg = Debug|Any CPU
		{CD469C37-FA5D-4277-8F5A-E7EFC893EB87}.Debug|Any CPU.Build.0 = Debug|Any CPU
		{CD469C37-FA5D-4277-8F5A-E7EFC893EB87}.Release|Any CPU.ActiveCfg = Release|Any CPU
		{CD469C37-FA5D-4277-8F5A-E7EFC893EB87}.Release|Any CPU.Build.0 = Release|Any CPU
		{2C74C43F-D890-4048-A26A-1FA9CDBAA545}.Debug|Any CPU.ActiveCfg = Debug|Any CPU
		{2C74C43F-D890-4048-A26A-1FA9CDBAA545}.Debug|Any CPU.Build.0 = Debug|Any CPU
		{2C74C43F-D890-4048-A26A-1FA9CDBAA545}.Release|Any CPU.ActiveCfg = Release|Any CPU
		{2C74C43F-D890-4048-A26A-1FA9CDBAA545}.Release|Any CPU.Build.0 = Release|Any CPU
		{A87175D9-2365-468A-A95C-5C1D7BB1A506}.Debug|Any CPU.ActiveCfg = Debug|Any CPU
		{A87175D9-2365-468A-A95C-5C1D7BB1A506}.Debug|Any CPU.Build.0 = Debug|Any CPU
		{A87175D9-2365-468A-A95C-5C1D7BB1A506}.Release|Any CPU.ActiveCfg = Release|Any CPU
		{A87175D9-2365-468A-A95C-5C1D7BB1A506}.Release|Any CPU.Build.0 = Release|Any CPU
		{196DEA90-AB02-4C32-A7E4-08030A669F45}.Debug|Any CPU.ActiveCfg = Debug|Any CPU
		{196DEA90-AB02-4C32-A7E4-08030A669F45}.Debug|Any CPU.Build.0 = Debug|Any CPU
		{196DEA90-AB02-4C32-A7E4-08030A669F45}.Release|Any CPU.ActiveCfg = Release|Any CPU
		{196DEA90-AB02-4C32-A7E4-08030A669F45}.Release|Any CPU.Build.0 = Release|Any CPU
		{F8FC9C72-C3AE-4A39-BD0D-5338F24AF7E9}.Debug|Any CPU.ActiveCfg = Debug|Any CPU
		{F8FC9C72-C3AE-4A39-BD0D-5338F24AF7E9}.Debug|Any CPU.Build.0 = Debug|Any CPU
		{F8FC9C72-C3AE-4A39-BD0D-5338F24AF7E9}.Release|Any CPU.ActiveCfg = Release|Any CPU
		{F8FC9C72-C3AE-4A39-BD0D-5338F24AF7E9}.Release|Any CPU.Build.0 = Release|Any CPU
		{327DD8B7-848D-44B7-BF3E-0A3521775942}.Debug|Any CPU.ActiveCfg = Debug|Any CPU
		{327DD8B7-848D-44B7-BF3E-0A3521775942}.Debug|Any CPU.Build.0 = Debug|Any CPU
		{327DD8B7-848D-44B7-BF3E-0A3521775942}.Release|Any CPU.ActiveCfg = Release|Any CPU
		{327DD8B7-848D-44B7-BF3E-0A3521775942}.Release|Any CPU.Build.0 = Release|Any CPU
		{7BD55D76-AE52-4B46-86DA-D5D2060AE65D}.Debug|Any CPU.ActiveCfg = Debug|Any CPU
		{7BD55D76-AE52-4B46-86DA-D5D2060AE65D}.Debug|Any CPU.Build.0 = Debug|Any CPU
		{7BD55D76-AE52-4B46-86DA-D5D2060AE65D}.Release|Any CPU.ActiveCfg = Release|Any CPU
		{7BD55D76-AE52-4B46-86DA-D5D2060AE65D}.Release|Any CPU.Build.0 = Release|Any CPU
		{4ACCF466-9B44-4C98-B03A-40540046AC0C}.Debug|Any CPU.ActiveCfg = Debug|Any CPU
		{4ACCF466-9B44-4C98-B03A-40540046AC0C}.Debug|Any CPU.Build.0 = Debug|Any CPU
		{4ACCF466-9B44-4C98-B03A-40540046AC0C}.Release|Any CPU.ActiveCfg = Release|Any CPU
		{4ACCF466-9B44-4C98-B03A-40540046AC0C}.Release|Any CPU.Build.0 = Release|Any CPU
		{3ED588B9-4119-4836-92A9-1FC62A12F1C9}.Debug|Any CPU.ActiveCfg = Debug|Any CPU
		{3ED588B9-4119-4836-92A9-1FC62A12F1C9}.Debug|Any CPU.Build.0 = Debug|Any CPU
		{3ED588B9-4119-4836-92A9-1FC62A12F1C9}.Release|Any CPU.ActiveCfg = Release|Any CPU
		{3ED588B9-4119-4836-92A9-1FC62A12F1C9}.Release|Any CPU.Build.0 = Release|Any CPU
		{EE261E84-34AF-4612-8B6C-DF524A6F519D}.Debug|Any CPU.ActiveCfg = Debug|Any CPU
		{EE261E84-34AF-4612-8B6C-DF524A6F519D}.Debug|Any CPU.Build.0 = Debug|Any CPU
		{EE261E84-34AF-4612-8B6C-DF524A6F519D}.Release|Any CPU.ActiveCfg = Release|Any CPU
		{EE261E84-34AF-4612-8B6C-DF524A6F519D}.Release|Any CPU.Build.0 = Release|Any CPU
	EndGlobalSection
	GlobalSection(NestedProjects) = preSolution
		{8D44518A-24C9-45E1-9AB8-5F1E3F2BC0E9} = {F3699C47-A428-4BE2-B353-69DA94A7E711}
		{A8498DC7-1B1E-4C6D-926B-1DC6245FE35C} = {F3699C47-A428-4BE2-B353-69DA94A7E711}
		{6D7462BC-1483-4F7F-98CC-58C38B9E20FB} = {F3699C47-A428-4BE2-B353-69DA94A7E711}
		{0AB78470-57DC-42C8-A7D7-DCB799D7CE95} = {F3699C47-A428-4BE2-B353-69DA94A7E711}
		{2A3EA22A-81E3-4BDB-8D91-D5021DE8072D} = {F3699C47-A428-4BE2-B353-69DA94A7E711}
		{808CE8ED-DED9-4498-BA1A-A822C38F6412} = {F3699C47-A428-4BE2-B353-69DA94A7E711}
		{DF2517CD-F583-4C1A-A8B4-276D3F711AC7} = {F3699C47-A428-4BE2-B353-69DA94A7E711}
		{E0AD7E21-4DA7-4518-B353-812F06494758} = {F3699C47-A428-4BE2-B353-69DA94A7E711}
		{3F36F499-E93B-484E-9711-C85C34B47C55} = {F3699C47-A428-4BE2-B353-69DA94A7E711}
		{1C54141A-CBD2-443B-B353-55DED316EB85} = {F3699C47-A428-4BE2-B353-69DA94A7E711}
		{B1E2EC2D-9624-4882-8E45-593EB33F3611} = {F3699C47-A428-4BE2-B353-69DA94A7E711}
		{F661141F-C372-42E2-A1A5-8D2C005FEBDA} = {F3699C47-A428-4BE2-B353-69DA94A7E711}
		{2B5CD9A5-58E6-4D98-9544-BF79B146944D} = {F3699C47-A428-4BE2-B353-69DA94A7E711}
		{174BA3C4-3EBD-4F61-9369-70D70D7CEEBC} = {F3699C47-A428-4BE2-B353-69DA94A7E711}
		{B770CC9B-8EED-4835-818D-CE95689F4CE9} = {F3699C47-A428-4BE2-B353-69DA94A7E711}
		{7116CB65-3F8C-4ABE-A313-04CF1DBC39C3} = {F3699C47-A428-4BE2-B353-69DA94A7E711}
		{E833D5A0-DE6B-4D11-BD0F-A3AC21D8228C} = {F3699C47-A428-4BE2-B353-69DA94A7E711}
		{6D22BCCF-1949-47D4-8140-0C0C29147C46} = {F3699C47-A428-4BE2-B353-69DA94A7E711}
		{D574FB41-CAAC-481C-9351-396990EA922E} = {F3699C47-A428-4BE2-B353-69DA94A7E711}
		{2F861B68-217F-4305-8659-BB532F5CD9E4} = {F3699C47-A428-4BE2-B353-69DA94A7E711}
		{F2F61F32-319E-45A2-9349-DBF50BB927BF} = {F3699C47-A428-4BE2-B353-69DA94A7E711}
		{96B3A8EA-0AE4-468F-A928-898018BDF01B} = {F3699C47-A428-4BE2-B353-69DA94A7E711}
		{0AA7B037-74DB-4252-9646-DA0E1A5649C1} = {F3699C47-A428-4BE2-B353-69DA94A7E711}
		{4DC18EBC-ED4B-4528-978F-40F60167DB00} = {F3699C47-A428-4BE2-B353-69DA94A7E711}
		{9D70452B-B90E-4895-998C-CACFE049F5B0} = {F3699C47-A428-4BE2-B353-69DA94A7E711}
		{CD469C37-FA5D-4277-8F5A-E7EFC893EB87} = {F3699C47-A428-4BE2-B353-69DA94A7E711}
		{2C74C43F-D890-4048-A26A-1FA9CDBAA545} = {F3699C47-A428-4BE2-B353-69DA94A7E711}
		{A87175D9-2365-468A-A95C-5C1D7BB1A506} = {F3699C47-A428-4BE2-B353-69DA94A7E711}
		{196DEA90-AB02-4C32-A7E4-08030A669F45} = {F3699C47-A428-4BE2-B353-69DA94A7E711}
		{F8FC9C72-C3AE-4A39-BD0D-5338F24AF7E9} = {F3699C47-A428-4BE2-B353-69DA94A7E711}
		{327DD8B7-848D-44B7-BF3E-0A3521775942} = {F3699C47-A428-4BE2-B353-69DA94A7E711}
		{7BD55D76-AE52-4B46-86DA-D5D2060AE65D} = {F3699C47-A428-4BE2-B353-69DA94A7E711}
		{4ACCF466-9B44-4C98-B03A-40540046AC0C} = {F3699C47-A428-4BE2-B353-69DA94A7E711}
		{EE261E84-34AF-4612-8B6C-DF524A6F519D} = {F3699C47-A428-4BE2-B353-69DA94A7E711}
	EndGlobalSection
EndGlobal
