
Microsoft Visual Studio Solution File, Format Version 12.00
# Visual Studio Version 17
VisualStudioVersion = 17.0.31903.59
MinimumVisualStudioVersion = 10.0.40219.1
Project("{2150E333-8FDC-42A3-9474-1A3956D46DE8}") = "Services.API", "Services.API", "{98AE89F0-2A17-43FF-9C6D-B666B405BAD4}"
EndProject
Project("{FAE04EC0-301F-11D3-BF4B-00C04F79EFBC}") = "AlarmRecordTracking", "Services.API\AlarmRecordTracking\AlarmRecordTracking.csproj", "{471E5F4D-B07E-4CDE-9271-4DFF6E485C5C}"
EndProject
Project("{FAE04EC0-301F-11D3-BF4B-00C04F79EFBC}") = "AlarmTriggers", "Services.API\AlarmTriggers\AlarmTriggers.csproj", "{729A17B8-99AE-431F-99FF-13889849C318}"
EndProject
Project("{FAE04EC0-301F-11D3-BF4B-00C04F79EFBC}") = "Analytics", "Services.API\Analytics\Analytics.csproj", "{1EF4B94F-3FD0-4A2B-9ABF-EE0BA48952D3}"
EndProject
Project("{FAE04EC0-301F-11D3-BF4B-00C04F79EFBC}") = "Auth", "Services.API\Auth\Auth.csproj", "{648AA5AE-3D37-490A-8B94-7B8FF5E84068}"
EndProject
Project("{FAE04EC0-301F-11D3-BF4B-00C04F79EFBC}") = "Card", "Services.API\Card\Card.csproj", "{1510FFD0-DCC1-4A52-85D2-CB45C3BC2FC2}"
EndProject
Project("{FAE04EC0-301F-11D3-BF4B-00C04F79EFBC}") = "CardAccess", "Services.API\CardAccess\CardAccess.csproj", "{91541811-B61E-4046-A8D5-F395FBF29E51}"
EndProject
Project("{FAE04EC0-301F-11D3-BF4B-00C04F79EFBC}") = "CardRecord", "Services.API\CardRecord\CardRecord.csproj", "{4A15F3E8-4D9D-40A2-B8CB-4E69F2930869}"
EndProject
Project("{FAE04EC0-301F-11D3-BF4B-00C04F79EFBC}") = "FloorplanDevice", "Services.API\FloorplanDevice\FloorplanDevice.csproj", "{99CA25ED-71DD-4191-A3FB-7B79998EF498}"
EndProject
Project("{FAE04EC0-301F-11D3-BF4B-00C04F79EFBC}") = "FloorplanMaskedArea", "Services.API\FloorplanMaskedArea\FloorplanMaskedArea.csproj", "{FCC57D1F-C50C-407E-93DB-9F4F999C637B}"
EndProject
Project("{FAE04EC0-301F-11D3-BF4B-00C04F79EFBC}") = "GatewayHealthApi", "Services.API\GatewayHealthApi\GatewayHealthApi.csproj", "{E4E1D554-07E9-4604-A532-F60C0DC01E6E}"
EndProject
Project("{FAE04EC0-301F-11D3-BF4B-00C04F79EFBC}") = "Geofence", "Services.API\Geofence\Geofence.csproj", "{ABEC9C2E-D52B-4B96-8D21-7D2856E9761A}"
EndProject
Project("{FAE04EC0-301F-11D3-BF4B-00C04F79EFBC}") = "JobsScheduler", "Services.API\JobsScheduler\JobsScheduler.csproj", "{5371251B-FFCB-4224-96F7-C221999F747C}"
EndProject
Project("{FAE04EC0-301F-11D3-BF4B-00C04F79EFBC}") = "LicenseChecker", "Services.API\LicenseChecker\LicenseChecker.csproj", "{F38D0A04-8720-4864-B458-C95880A44055}"
EndProject
Project("{FAE04EC0-301F-11D3-BF4B-00C04F79EFBC}") = "MonitoringConfig", "Services.API\MonitoringConfig\MonitoringConfig.csproj", "{5C87DE5D-808F-4127-AB97-E1D0830F5C7A}"
EndProject
Project("{FAE04EC0-301F-11D3-BF4B-00C04F79EFBC}") = "MstAccessCctv", "Services.API\MstAccessCctv\MstAccessCctv.csproj", "{0790EC4E-128F-4665-B8D4-597017CE2EF1}"
EndProject
Project("{FAE04EC0-301F-11D3-BF4B-00C04F79EFBC}") = "MstAccessControl", "Services.API\MstAccessControl\MstAccessControl.csproj", "{5FBE8BC6-8519-4F8B-9C1F-572B881C7869}"
EndProject
Project("{FAE04EC0-301F-11D3-BF4B-00C04F79EFBC}") = "MstApplication", "Services.API\MstApplication\MstApplication.csproj", "{1C71C6EE-958D-4552-B932-D2593B949B60}"
EndProject
Project("{FAE04EC0-301F-11D3-BF4B-00C04F79EFBC}") = "MstBleReader", "Services.API\MstBleReader\MstBleReader.csproj", "{138FDFB5-917B-40E0-A315-A4525BA34616}"
EndProject
Project("{FAE04EC0-301F-11D3-BF4B-00C04F79EFBC}") = "MstBrand", "Services.API\MstBrand\MstBrand.csproj", "{319FB721-F50E-4E06-B9D1-DCD3F8C0B5BB}"
EndProject
Project("{FAE04EC0-301F-11D3-BF4B-00C04F79EFBC}") = "MstBuilding", "Services.API\MstBuilding\MstBuilding.csproj", "{7F091613-639D-4576-A0BF-EA27CD912915}"
EndProject
Project("{FAE04EC0-301F-11D3-BF4B-00C04F79EFBC}") = "MstDepartment", "Services.API\MstDepartment\MstDepartment.csproj", "{18D10ADA-1DE8-49B5-A232-DD04C731429D}"
EndProject
Project("{FAE04EC0-301F-11D3-BF4B-00C04F79EFBC}") = "MstDistrict", "Services.API\MstDistrict\MstDistrict.csproj", "{972D589F-55C1-4404-975C-EE31714B86FB}"
EndProject
Project("{FAE04EC0-301F-11D3-BF4B-00C04F79EFBC}") = "MstEngine", "Services.API\MstEngine\MstEngine.csproj", "{B9CFEAA8-9D58-42CC-8289-EE5ABBE9B274}"
EndProject
Project("{FAE04EC0-301F-11D3-BF4B-00C04F79EFBC}") = "MstFloor", "Services.API\MstFloor\MstFloor.csproj", "{D58A5FE0-CC8B-4BBB-8271-B65BEBCDB439}"
EndProject
Project("{FAE04EC0-301F-11D3-BF4B-00C04F79EFBC}") = "MstFloorplan", "Services.API\MstFloorplan\MstFloorplan.csproj", "{11A9F557-97E3-4693-A9D7-7BF99316CA81}"
EndProject
Project("{FAE04EC0-301F-11D3-BF4B-00C04F79EFBC}") = "MstIntegration", "Services.API\MstIntegration\MstIntegration.csproj", "{77353115-28E5-47F6-8628-D82BDFD39588}"
EndProject
Project("{FAE04EC0-301F-11D3-BF4B-00C04F79EFBC}") = "MstMember", "Services.API\MstMember\MstMember.csproj", "{0EF17A2F-E361-4A8E-AD0A-33A7BE0E20EE}"
EndProject
Project("{FAE04EC0-301F-11D3-BF4B-00C04F79EFBC}") = "MstOrganization", "Services.API\MstOrganization\MstOrganization.csproj", "{A81DD805-7827-4A20-9A9D-DAD4FA2E1DEB}"
EndProject
Project("{FAE04EC0-301F-11D3-BF4B-00C04F79EFBC}") = "Patrol", "Services.API\Patrol\Patrol.csproj", "{396778AB-ADC9-4E59-A745-969873BB61B4}"
EndProject
Project("{FAE04EC0-301F-11D3-BF4B-00C04F79EFBC}") = "TrackingTransaction", "Services.API\TrackingTransaction\TrackingTransaction.csproj", "{C90218DA-CB7E-411A-91D3-F3912A215674}"
EndProject
Project("{FAE04EC0-301F-11D3-BF4B-00C04F79EFBC}") = "TrxVisitor", "Services.API\TrxVisitor\TrxVisitor.csproj", "{440947EE-3436-4659-8DBC-A5ABA5A8C740}"
EndProject
Project("{FAE04EC0-301F-11D3-BF4B-00C04F79EFBC}") = "Visitor", "Services.API\Visitor\Visitor.csproj", "{9CBC936E-6B7B-4079-A121-87D208410027}"
EndProject
Project("{2150E333-8FDC-42A3-9474-1A3956D46DE8}") = "Shared", "Shared", "{17A1EF9A-9521-4FC7-8FE2-284F4DFA9D12}"
EndProject
Project("{FAE04EC0-301F-11D3-BF4B-00C04F79EFBC}") = "BusinessLogic.Services", "Shared\BusinessLogic.Services\BusinessLogic.Services.csproj", "{8811A4C5-2518-40D7-A2B5-652670C920E2}"
EndProject
Project("{FAE04EC0-301F-11D3-BF4B-00C04F79EFBC}") = "Data.ViewModels", "Shared\Data.ViewModels\Data.ViewModels.csproj", "{410DFD83-8A66-4B4F-A99D-71EC99FF1541}"
EndProject
Project("{FAE04EC0-301F-11D3-BF4B-00C04F79EFBC}") = "Entities.Models", "Shared\Entities.Models\Entities.Models.csproj", "{D7D0081D-B715-4FA5-B525-E01FC5BB45EB}"
EndProject
Project("{FAE04EC0-301F-11D3-BF4B-00C04F79EFBC}") = "Helpers.Consumer", "Shared\Helpers.Consumer\Helpers.Consumer.csproj", "{800D8C2A-9934-4E5D-997C-1B27324A78DF}"
EndProject
Project("{FAE04EC0-301F-11D3-BF4B-00C04F79EFBC}") = "Repositories", "Shared\Repositories\Repositories.csproj", "{3E7A79A1-2428-442A-91FB-638DF1DA55CB}"
EndProject
Project("{FAE04EC0-301F-11D3-BF4B-00C04F79EFBC}") = "Web.API.Controllers", "Shared\Web.API.Controllers\Web.API.Controllers.csproj", "{2F654A9F-9BA3-42BB-97A0-8BB2FBFA4F99}"
EndProject
Global
	GlobalSection(SolutionConfigurationPlatforms) = preSolution
		Debug|Any CPU = Debug|Any CPU
		Release|Any CPU = Release|Any CPU
	EndGlobalSection
	GlobalSection(SolutionProperties) = preSolution
		HideSolutionNode = FALSE
	EndGlobalSection
	GlobalSection(ProjectConfigurationPlatforms) = postSolution
		{471E5F4D-B07E-4CDE-9271-4DFF6E485C5C}.Debug|Any CPU.ActiveCfg = Debug|Any CPU
		{471E5F4D-B07E-4CDE-9271-4DFF6E485C5C}.Debug|Any CPU.Build.0 = Debug|Any CPU
		{471E5F4D-B07E-4CDE-9271-4DFF6E485C5C}.Release|Any CPU.ActiveCfg = Release|Any CPU
		{471E5F4D-B07E-4CDE-9271-4DFF6E485C5C}.Release|Any CPU.Build.0 = Release|Any CPU
		{729A17B8-99AE-431F-99FF-13889849C318}.Debug|Any CPU.ActiveCfg = Debug|Any CPU
		{729A17B8-99AE-431F-99FF-13889849C318}.Debug|Any CPU.Build.0 = Debug|Any CPU
		{729A17B8-99AE-431F-99FF-13889849C318}.Release|Any CPU.ActiveCfg = Release|Any CPU
		{729A17B8-99AE-431F-99FF-13889849C318}.Release|Any CPU.Build.0 = Release|Any CPU
		{1EF4B94F-3FD0-4A2B-9ABF-EE0BA48952D3}.Debug|Any CPU.ActiveCfg = Debug|Any CPU
		{1EF4B94F-3FD0-4A2B-9ABF-EE0BA48952D3}.Debug|Any CPU.Build.0 = Debug|Any CPU
		{1EF4B94F-3FD0-4A2B-9ABF-EE0BA48952D3}.Release|Any CPU.ActiveCfg = Release|Any CPU
		{1EF4B94F-3FD0-4A2B-9ABF-EE0BA48952D3}.Release|Any CPU.Build.0 = Release|Any CPU
		{648AA5AE-3D37-490A-8B94-7B8FF5E84068}.Debug|Any CPU.ActiveCfg = Debug|Any CPU
		{648AA5AE-3D37-490A-8B94-7B8FF5E84068}.Debug|Any CPU.Build.0 = Debug|Any CPU
		{648AA5AE-3D37-490A-8B94-7B8FF5E84068}.Release|Any CPU.ActiveCfg = Release|Any CPU
		{648AA5AE-3D37-490A-8B94-7B8FF5E84068}.Release|Any CPU.Build.0 = Release|Any CPU
		{1510FFD0-DCC1-4A52-85D2-CB45C3BC2FC2}.Debug|Any CPU.ActiveCfg = Debug|Any CPU
		{1510FFD0-DCC1-4A52-85D2-CB45C3BC2FC2}.Debug|Any CPU.Build.0 = Debug|Any CPU
		{1510FFD0-DCC1-4A52-85D2-CB45C3BC2FC2}.Release|Any CPU.ActiveCfg = Release|Any CPU
		{1510FFD0-DCC1-4A52-85D2-CB45C3BC2FC2}.Release|Any CPU.Build.0 = Release|Any CPU
		{91541811-B61E-4046-A8D5-F395FBF29E51}.Debug|Any CPU.ActiveCfg = Debug|Any CPU
		{91541811-B61E-4046-A8D5-F395FBF29E51}.Debug|Any CPU.Build.0 = Debug|Any CPU
		{91541811-B61E-4046-A8D5-F395FBF29E51}.Release|Any CPU.ActiveCfg = Release|Any CPU
		{91541811-B61E-4046-A8D5-F395FBF29E51}.Release|Any CPU.Build.0 = Release|Any CPU
		{4A15F3E8-4D9D-40A2-B8CB-4E69F2930869}.Debug|Any CPU.ActiveCfg = Debug|Any CPU
		{4A15F3E8-4D9D-40A2-B8CB-4E69F2930869}.Debug|Any CPU.Build.0 = Debug|Any CPU
		{4A15F3E8-4D9D-40A2-B8CB-4E69F2930869}.Release|Any CPU.ActiveCfg = Release|Any CPU
		{4A15F3E8-4D9D-40A2-B8CB-4E69F2930869}.Release|Any CPU.Build.0 = Release|Any CPU
		{99CA25ED-71DD-4191-A3FB-7B79998EF498}.Debug|Any CPU.ActiveCfg = Debug|Any CPU
		{99CA25ED-71DD-4191-A3FB-7B79998EF498}.Debug|Any CPU.Build.0 = Debug|Any CPU
		{99CA25ED-71DD-4191-A3FB-7B79998EF498}.Release|Any CPU.ActiveCfg = Release|Any CPU
		{99CA25ED-71DD-4191-A3FB-7B79998EF498}.Release|Any CPU.Build.0 = Release|Any CPU
		{FCC57D1F-C50C-407E-93DB-9F4F999C637B}.Debug|Any CPU.ActiveCfg = Debug|Any CPU
		{FCC57D1F-C50C-407E-93DB-9F4F999C637B}.Debug|Any CPU.Build.0 = Debug|Any CPU
		{FCC57D1F-C50C-407E-93DB-9F4F999C637B}.Release|Any CPU.ActiveCfg = Release|Any CPU
		{FCC57D1F-C50C-407E-93DB-9F4F999C637B}.Release|Any CPU.Build.0 = Release|Any CPU
		{E4E1D554-07E9-4604-A532-F60C0DC01E6E}.Debug|Any CPU.ActiveCfg = Debug|Any CPU
		{E4E1D554-07E9-4604-A532-F60C0DC01E6E}.Debug|Any CPU.Build.0 = Debug|Any CPU
		{E4E1D554-07E9-4604-A532-F60C0DC01E6E}.Release|Any CPU.ActiveCfg = Release|Any CPU
		{E4E1D554-07E9-4604-A532-F60C0DC01E6E}.Release|Any CPU.Build.0 = Release|Any CPU
		{ABEC9C2E-D52B-4B96-8D21-7D2856E9761A}.Debug|Any CPU.ActiveCfg = Debug|Any CPU
		{ABEC9C2E-D52B-4B96-8D21-7D2856E9761A}.Debug|Any CPU.Build.0 = Debug|Any CPU
		{ABEC9C2E-D52B-4B96-8D21-7D2856E9761A}.Release|Any CPU.ActiveCfg = Release|Any CPU
		{ABEC9C2E-D52B-4B96-8D21-7D2856E9761A}.Release|Any CPU.Build.0 = Release|Any CPU
		{5371251B-FFCB-4224-96F7-C221999F747C}.Debug|Any CPU.ActiveCfg = Debug|Any CPU
		{5371251B-FFCB-4224-96F7-C221999F747C}.Debug|Any CPU.Build.0 = Debug|Any CPU
		{5371251B-FFCB-4224-96F7-C221999F747C}.Release|Any CPU.ActiveCfg = Release|Any CPU
		{5371251B-FFCB-4224-96F7-C221999F747C}.Release|Any CPU.Build.0 = Release|Any CPU
		{F38D0A04-8720-4864-B458-C95880A44055}.Debug|Any CPU.ActiveCfg = Debug|Any CPU
		{F38D0A04-8720-4864-B458-C95880A44055}.Debug|Any CPU.Build.0 = Debug|Any CPU
		{F38D0A04-8720-4864-B458-C95880A44055}.Release|Any CPU.ActiveCfg = Release|Any CPU
		{F38D0A04-8720-4864-B458-C95880A44055}.Release|Any CPU.Build.0 = Release|Any CPU
		{5C87DE5D-808F-4127-AB97-E1D0830F5C7A}.Debug|Any CPU.ActiveCfg = Debug|Any CPU
		{5C87DE5D-808F-4127-AB97-E1D0830F5C7A}.Debug|Any CPU.Build.0 = Debug|Any CPU
		{5C87DE5D-808F-4127-AB97-E1D0830F5C7A}.Release|Any CPU.ActiveCfg = Release|Any CPU
		{5C87DE5D-808F-4127-AB97-E1D0830F5C7A}.Release|Any CPU.Build.0 = Release|Any CPU
		{0790EC4E-128F-4665-B8D4-597017CE2EF1}.Debug|Any CPU.ActiveCfg = Debug|Any CPU
		{0790EC4E-128F-4665-B8D4-597017CE2EF1}.Debug|Any CPU.Build.0 = Debug|Any CPU
		{0790EC4E-128F-4665-B8D4-597017CE2EF1}.Release|Any CPU.ActiveCfg = Release|Any CPU
		{0790EC4E-128F-4665-B8D4-597017CE2EF1}.Release|Any CPU.Build.0 = Release|Any CPU
		{5FBE8BC6-8519-4F8B-9C1F-572B881C7869}.Debug|Any CPU.ActiveCfg = Debug|Any CPU
		{5FBE8BC6-8519-4F8B-9C1F-572B881C7869}.Debug|Any CPU.Build.0 = Debug|Any CPU
		{5FBE8BC6-8519-4F8B-9C1F-572B881C7869}.Release|Any CPU.ActiveCfg = Release|Any CPU
		{5FBE8BC6-8519-4F8B-9C1F-572B881C7869}.Release|Any CPU.Build.0 = Release|Any CPU
		{1C71C6EE-958D-4552-B932-D2593B949B60}.Debug|Any CPU.ActiveCfg = Debug|Any CPU
		{1C71C6EE-958D-4552-B932-D2593B949B60}.Debug|Any CPU.Build.0 = Debug|Any CPU
		{1C71C6EE-958D-4552-B932-D2593B949B60}.Release|Any CPU.ActiveCfg = Release|Any CPU
		{1C71C6EE-958D-4552-B932-D2593B949B60}.Release|Any CPU.Build.0 = Release|Any CPU
		{138FDFB5-917B-40E0-A315-A4525BA34616}.Debug|Any CPU.ActiveCfg = Debug|Any CPU
		{138FDFB5-917B-40E0-A315-A4525BA34616}.Debug|Any CPU.Build.0 = Debug|Any CPU
		{138FDFB5-917B-40E0-A315-A4525BA34616}.Release|Any CPU.ActiveCfg = Release|Any CPU
		{138FDFB5-917B-40E0-A315-A4525BA34616}.Release|Any CPU.Build.0 = Release|Any CPU
		{319FB721-F50E-4E06-B9D1-DCD3F8C0B5BB}.Debug|Any CPU.ActiveCfg = Debug|Any CPU
		{319FB721-F50E-4E06-B9D1-DCD3F8C0B5BB}.Debug|Any CPU.Build.0 = Debug|Any CPU
		{319FB721-F50E-4E06-B9D1-DCD3F8C0B5BB}.Release|Any CPU.ActiveCfg = Release|Any CPU
		{319FB721-F50E-4E06-B9D1-DCD3F8C0B5BB}.Release|Any CPU.Build.0 = Release|Any CPU
		{7F091613-639D-4576-A0BF-EA27CD912915}.Debug|Any CPU.ActiveCfg = Debug|Any CPU
		{7F091613-639D-4576-A0BF-EA27CD912915}.Debug|Any CPU.Build.0 = Debug|Any CPU
		{7F091613-639D-4576-A0BF-EA27CD912915}.Release|Any CPU.ActiveCfg = Release|Any CPU
		{7F091613-639D-4576-A0BF-EA27CD912915}.Release|Any CPU.Build.0 = Release|Any CPU
		{18D10ADA-1DE8-49B5-A232-DD04C731429D}.Debug|Any CPU.ActiveCfg = Debug|Any CPU
		{18D10ADA-1DE8-49B5-A232-DD04C731429D}.Debug|Any CPU.Build.0 = Debug|Any CPU
		{18D10ADA-1DE8-49B5-A232-DD04C731429D}.Release|Any CPU.ActiveCfg = Release|Any CPU
		{18D10ADA-1DE8-49B5-A232-DD04C731429D}.Release|Any CPU.Build.0 = Release|Any CPU
		{972D589F-55C1-4404-975C-EE31714B86FB}.Debug|Any CPU.ActiveCfg = Debug|Any CPU
		{972D589F-55C1-4404-975C-EE31714B86FB}.Debug|Any CPU.Build.0 = Debug|Any CPU
		{972D589F-55C1-4404-975C-EE31714B86FB}.Release|Any CPU.ActiveCfg = Release|Any CPU
		{972D589F-55C1-4404-975C-EE31714B86FB}.Release|Any CPU.Build.0 = Release|Any CPU
		{B9CFEAA8-9D58-42CC-8289-EE5ABBE9B274}.Debug|Any CPU.ActiveCfg = Debug|Any CPU
		{B9CFEAA8-9D58-42CC-8289-EE5ABBE9B274}.Debug|Any CPU.Build.0 = Debug|Any CPU
		{B9CFEAA8-9D58-42CC-8289-EE5ABBE9B274}.Release|Any CPU.ActiveCfg = Release|Any CPU
		{B9CFEAA8-9D58-42CC-8289-EE5ABBE9B274}.Release|Any CPU.Build.0 = Release|Any CPU
		{D58A5FE0-CC8B-4BBB-8271-B65BEBCDB439}.Debug|Any CPU.ActiveCfg = Debug|Any CPU
		{D58A5FE0-CC8B-4BBB-8271-B65BEBCDB439}.Debug|Any CPU.Build.0 = Debug|Any CPU
		{D58A5FE0-CC8B-4BBB-8271-B65BEBCDB439}.Release|Any CPU.ActiveCfg = Release|Any CPU
		{D58A5FE0-CC8B-4BBB-8271-B65BEBCDB439}.Release|Any CPU.Build.0 = Release|Any CPU
		{11A9F557-97E3-4693-A9D7-7BF99316CA81}.Debug|Any CPU.ActiveCfg = Debug|Any CPU
		{11A9F557-97E3-4693-A9D7-7BF99316CA81}.Debug|Any CPU.Build.0 = Debug|Any CPU
		{11A9F557-97E3-4693-A9D7-7BF99316CA81}.Release|Any CPU.ActiveCfg = Release|Any CPU
		{11A9F557-97E3-4693-A9D7-7BF99316CA81}.Release|Any CPU.Build.0 = Release|Any CPU
		{77353115-28E5-47F6-8628-D82BDFD39588}.Debug|Any CPU.ActiveCfg = Debug|Any CPU
		{77353115-28E5-47F6-8628-D82BDFD39588}.Debug|Any CPU.Build.0 = Debug|Any CPU
		{77353115-28E5-47F6-8628-D82BDFD39588}.Release|Any CPU.ActiveCfg = Release|Any CPU
		{77353115-28E5-47F6-8628-D82BDFD39588}.Release|Any CPU.Build.0 = Release|Any CPU
		{0EF17A2F-E361-4A8E-AD0A-33A7BE0E20EE}.Debug|Any CPU.ActiveCfg = Debug|Any CPU
		{0EF17A2F-E361-4A8E-AD0A-33A7BE0E20EE}.Debug|Any CPU.Build.0 = Debug|Any CPU
		{0EF17A2F-E361-4A8E-AD0A-33A7BE0E20EE}.Release|Any CPU.ActiveCfg = Release|Any CPU
		{0EF17A2F-E361-4A8E-AD0A-33A7BE0E20EE}.Release|Any CPU.Build.0 = Release|Any CPU
		{A81DD805-7827-4A20-9A9D-DAD4FA2E1DEB}.Debug|Any CPU.ActiveCfg = Debug|Any CPU
		{A81DD805-7827-4A20-9A9D-DAD4FA2E1DEB}.Debug|Any CPU.Build.0 = Debug|Any CPU
		{A81DD805-7827-4A20-9A9D-DAD4FA2E1DEB}.Release|Any CPU.ActiveCfg = Release|Any CPU
		{A81DD805-7827-4A20-9A9D-DAD4FA2E1DEB}.Release|Any CPU.Build.0 = Release|Any CPU
		{396778AB-ADC9-4E59-A745-969873BB61B4}.Debug|Any CPU.ActiveCfg = Debug|Any CPU
		{396778AB-ADC9-4E59-A745-969873BB61B4}.Debug|Any CPU.Build.0 = Debug|Any CPU
		{396778AB-ADC9-4E59-A745-969873BB61B4}.Release|Any CPU.ActiveCfg = Release|Any CPU
		{396778AB-ADC9-4E59-A745-969873BB61B4}.Release|Any CPU.Build.0 = Release|Any CPU
		{C90218DA-CB7E-411A-91D3-F3912A215674}.Debug|Any CPU.ActiveCfg = Debug|Any CPU
		{C90218DA-CB7E-411A-91D3-F3912A215674}.Debug|Any CPU.Build.0 = Debug|Any CPU
		{C90218DA-CB7E-411A-91D3-F3912A215674}.Release|Any CPU.ActiveCfg = Release|Any CPU
		{C90218DA-CB7E-411A-91D3-F3912A215674}.Release|Any CPU.Build.0 = Release|Any CPU
		{440947EE-3436-4659-8DBC-A5ABA5A8C740}.Debug|Any CPU.ActiveCfg = Debug|Any CPU
		{440947EE-3436-4659-8DBC-A5ABA5A8C740}.Debug|Any CPU.Build.0 = Debug|Any CPU
		{440947EE-3436-4659-8DBC-A5ABA5A8C740}.Release|Any CPU.ActiveCfg = Release|Any CPU
		{440947EE-3436-4659-8DBC-A5ABA5A8C740}.Release|Any CPU.Build.0 = Release|Any CPU
		{9CBC936E-6B7B-4079-A121-87D208410027}.Debug|Any CPU.ActiveCfg = Debug|Any CPU
		{9CBC936E-6B7B-4079-A121-87D208410027}.Debug|Any CPU.Build.0 = Debug|Any CPU
		{9CBC936E-6B7B-4079-A121-87D208410027}.Release|Any CPU.ActiveCfg = Release|Any CPU
		{9CBC936E-6B7B-4079-A121-87D208410027}.Release|Any CPU.Build.0 = Release|Any CPU
		{8811A4C5-2518-40D7-A2B5-652670C920E2}.Debug|Any CPU.ActiveCfg = Debug|Any CPU
		{8811A4C5-2518-40D7-A2B5-652670C920E2}.Debug|Any CPU.Build.0 = Debug|Any CPU
		{8811A4C5-2518-40D7-A2B5-652670C920E2}.Release|Any CPU.ActiveCfg = Release|Any CPU
		{8811A4C5-2518-40D7-A2B5-652670C920E2}.Release|Any CPU.Build.0 = Release|Any CPU
		{410DFD83-8A66-4B4F-A99D-71EC99FF1541}.Debug|Any CPU.ActiveCfg = Debug|Any CPU
		{410DFD83-8A66-4B4F-A99D-71EC99FF1541}.Debug|Any CPU.Build.0 = Debug|Any CPU
		{410DFD83-8A66-4B4F-A99D-71EC99FF1541}.Release|Any CPU.ActiveCfg = Release|Any CPU
		{410DFD83-8A66-4B4F-A99D-71EC99FF1541}.Release|Any CPU.Build.0 = Release|Any CPU
		{D7D0081D-B715-4FA5-B525-E01FC5BB45EB}.Debug|Any CPU.ActiveCfg = Debug|Any CPU
		{D7D0081D-B715-4FA5-B525-E01FC5BB45EB}.Debug|Any CPU.Build.0 = Debug|Any CPU
		{D7D0081D-B715-4FA5-B525-E01FC5BB45EB}.Release|Any CPU.ActiveCfg = Release|Any CPU
		{D7D0081D-B715-4FA5-B525-E01FC5BB45EB}.Release|Any CPU.Build.0 = Release|Any CPU
		{800D8C2A-9934-4E5D-997C-1B27324A78DF}.Debug|Any CPU.ActiveCfg = Debug|Any CPU
		{800D8C2A-9934-4E5D-997C-1B27324A78DF}.Debug|Any CPU.Build.0 = Debug|Any CPU
		{800D8C2A-9934-4E5D-997C-1B27324A78DF}.Release|Any CPU.ActiveCfg = Release|Any CPU
		{800D8C2A-9934-4E5D-997C-1B27324A78DF}.Release|Any CPU.Build.0 = Release|Any CPU
		{3E7A79A1-2428-442A-91FB-638DF1DA55CB}.Debug|Any CPU.ActiveCfg = Debug|Any CPU
		{3E7A79A1-2428-442A-91FB-638DF1DA55CB}.Debug|Any CPU.Build.0 = Debug|Any CPU
		{3E7A79A1-2428-442A-91FB-638DF1DA55CB}.Release|Any CPU.ActiveCfg = Release|Any CPU
		{3E7A79A1-2428-442A-91FB-638DF1DA55CB}.Release|Any CPU.Build.0 = Release|Any CPU
		{2F654A9F-9BA3-42BB-97A0-8BB2FBFA4F99}.Debug|Any CPU.ActiveCfg = Debug|Any CPU
		{2F654A9F-9BA3-42BB-97A0-8BB2FBFA4F99}.Debug|Any CPU.Build.0 = Debug|Any CPU
		{2F654A9F-9BA3-42BB-97A0-8BB2FBFA4F99}.Release|Any CPU.ActiveCfg = Release|Any CPU
		{2F654A9F-9BA3-42BB-97A0-8BB2FBFA4F99}.Release|Any CPU.Build.0 = Release|Any CPU
	EndGlobalSection
	GlobalSection(NestedProjects) = preSolution
		{471E5F4D-B07E-4CDE-9271-4DFF6E485C5C} = {98AE89F0-2A17-43FF-9C6D-B666B405BAD4}
		{729A17B8-99AE-431F-99FF-13889849C318} = {98AE89F0-2A17-43FF-9C6D-B666B405BAD4}
		{1EF4B94F-3FD0-4A2B-9ABF-EE0BA48952D3} = {98AE89F0-2A17-43FF-9C6D-B666B405BAD4}
		{648AA5AE-3D37-490A-8B94-7B8FF5E84068} = {98AE89F0-2A17-43FF-9C6D-B666B405BAD4}
		{1510FFD0-DCC1-4A52-85D2-CB45C3BC2FC2} = {98AE89F0-2A17-43FF-9C6D-B666B405BAD4}
		{91541811-B61E-4046-A8D5-F395FBF29E51} = {98AE89F0-2A17-43FF-9C6D-B666B405BAD4}
		{4A15F3E8-4D9D-40A2-B8CB-4E69F2930869} = {98AE89F0-2A17-43FF-9C6D-B666B405BAD4}
		{99CA25ED-71DD-4191-A3FB-7B79998EF498} = {98AE89F0-2A17-43FF-9C6D-B666B405BAD4}
		{FCC57D1F-C50C-407E-93DB-9F4F999C637B} = {98AE89F0-2A17-43FF-9C6D-B666B405BAD4}
		{E4E1D554-07E9-4604-A532-F60C0DC01E6E} = {98AE89F0-2A17-43FF-9C6D-B666B405BAD4}
		{ABEC9C2E-D52B-4B96-8D21-7D2856E9761A} = {98AE89F0-2A17-43FF-9C6D-B666B405BAD4}
		{5371251B-FFCB-4224-96F7-C221999F747C} = {98AE89F0-2A17-43FF-9C6D-B666B405BAD4}
		{F38D0A04-8720-4864-B458-C95880A44055} = {98AE89F0-2A17-43FF-9C6D-B666B405BAD4}
		{5C87DE5D-808F-4127-AB97-E1D0830F5C7A} = {98AE89F0-2A17-43FF-9C6D-B666B405BAD4}
		{0790EC4E-128F-4665-B8D4-597017CE2EF1} = {98AE89F0-2A17-43FF-9C6D-B666B405BAD4}
		{5FBE8BC6-8519-4F8B-9C1F-572B881C7869} = {98AE89F0-2A17-43FF-9C6D-B666B405BAD4}
		{1C71C6EE-958D-4552-B932-D2593B949B60} = {98AE89F0-2A17-43FF-9C6D-B666B405BAD4}
		{138FDFB5-917B-40E0-A315-A4525BA34616} = {98AE89F0-2A17-43FF-9C6D-B666B405BAD4}
		{319FB721-F50E-4E06-B9D1-DCD3F8C0B5BB} = {98AE89F0-2A17-43FF-9C6D-B666B405BAD4}
		{7F091613-639D-4576-A0BF-EA27CD912915} = {98AE89F0-2A17-43FF-9C6D-B666B405BAD4}
		{18D10ADA-1DE8-49B5-A232-DD04C731429D} = {98AE89F0-2A17-43FF-9C6D-B666B405BAD4}
		{972D589F-55C1-4404-975C-EE31714B86FB} = {98AE89F0-2A17-43FF-9C6D-B666B405BAD4}
		{B9CFEAA8-9D58-42CC-8289-EE5ABBE9B274} = {98AE89F0-2A17-43FF-9C6D-B666B405BAD4}
		{D58A5FE0-CC8B-4BBB-8271-B65BEBCDB439} = {98AE89F0-2A17-43FF-9C6D-B666B405BAD4}
		{11A9F557-97E3-4693-A9D7-7BF99316CA81} = {98AE89F0-2A17-43FF-9C6D-B666B405BAD4}
		{77353115-28E5-47F6-8628-D82BDFD39588} = {98AE89F0-2A17-43FF-9C6D-B666B405BAD4}
		{0EF17A2F-E361-4A8E-AD0A-33A7BE0E20EE} = {98AE89F0-2A17-43FF-9C6D-B666B405BAD4}
		{A81DD805-7827-4A20-9A9D-DAD4FA2E1DEB} = {98AE89F0-2A17-43FF-9C6D-B666B405BAD4}
		{396778AB-ADC9-4E59-A745-969873BB61B4} = {98AE89F0-2A17-43FF-9C6D-B666B405BAD4}
		{C90218DA-CB7E-411A-91D3-F3912A215674} = {98AE89F0-2A17-43FF-9C6D-B666B405BAD4}
		{440947EE-3436-4659-8DBC-A5ABA5A8C740} = {98AE89F0-2A17-43FF-9C6D-B666B405BAD4}
		{9CBC936E-6B7B-4079-A121-87D208410027} = {98AE89F0-2A17-43FF-9C6D-B666B405BAD4}
		{8811A4C5-2518-40D7-A2B5-652670C920E2} = {17A1EF9A-9521-4FC7-8FE2-284F4DFA9D12}
		{410DFD83-8A66-4B4F-A99D-71EC99FF1541} = {17A1EF9A-9521-4FC7-8FE2-284F4DFA9D12}
		{D7D0081D-B715-4FA5-B525-E01FC5BB45EB} = {17A1EF9A-9521-4FC7-8FE2-284F4DFA9D12}
		{800D8C2A-9934-4E5D-997C-1B27324A78DF} = {17A1EF9A-9521-4FC7-8FE2-284F4DFA9D12}
		{3E7A79A1-2428-442A-91FB-638DF1DA55CB} = {17A1EF9A-9521-4FC7-8FE2-284F4DFA9D12}
		{2F654A9F-9BA3-42BB-97A0-8BB2FBFA4F99} = {17A1EF9A-9521-4FC7-8FE2-284F4DFA9D12}
	EndGlobalSection
EndGlobal
